hash: f25f2826c5459ae006c2a52bc3ab2e8cb4ac574399865ca166fb7d6697aca1a2
updated: 2018-12-20T10:29:00.16419+01:00
imports:
- name: github.com/davecgh/go-spew
  version: 8991bc29aa16c548c550c7ff78260e27b9ab7c73
  subpackages:
  - spew
- name: github.com/gogo/protobuf
  version: 4cbf7e384e768b4e01799441fdf2a706a5635ae7
  subpackages:
  - proto
- name: github.com/opentracing/opentracing-go
  version: 8b5a441dc60e8d9bb9bf9d22060b6d94fa599983
  subpackages:
  - ext
  - harness
  - log
- name: github.com/pmezard/go-difflib
  version: 792786c7400a136282c1664665ae0a8db921c6c2
  subpackages:
  - difflib
- name: github.com/stretchr/testify
  version: f35b8ab0b5a2cef36673838d662e249dd9c94686
  subpackages:
  - assert
  - require
  - suite
- name: github.com/tuvistavie/securerandom
  version: 15512123a948d62f6361bd84818e11f2ad84059a
- name: github.com/wavefronthq/wavefront-sdk-go
  version: 12511c8b82654d412b0334768d94dc080b617fd1
  subpackages:
  - internal
  - senders
- name: golang.org/x/net
  version: e147a9138326bc0e9d4e179541ffd8af41cff8a9
  subpackages:
  - context
  - internal/timeseries
  - trace
testImports: []
